
Microsoft Visual Studio Solution File, Format Version 12.00
# Visual Studio Version 17
VisualStudioVersion = 17.10.35013.160
MinimumVisualStudioVersion = 10.0.40219.1
Project("{9A19103F-16F7-4668-BE54-9A1E7A4F7556}") = "Domain", "Domain\Domain.csproj", "{FC3CE923-F492-4CC4-9632-AC703CC404DD}"
EndProject
Project("{9A19103F-16F7-4668-BE54-9A1E7A4F7556}") = "WebApi", "WebApi\WebApi.csproj", "{DC537759-A72D-499D-B88E-A662EAFADFB4}"
EndProject
Project("{9A19103F-16F7-4668-BE54-9A1E7A4F7556}") = "Application", "Application\Application.csproj", "{20C4B346-E988-4EA9-8220-AA858816C7F4}"
EndProject
Project("{FAE04EC0-301F-11D3-BF4B-00C04F79EFBC}") = "Common", "Common\Common.csproj", "{FC1C650C-BC9C-4A47-AE0F-39A4693A6CCF}"
EndProject
Project("{FAE04EC0-301F-11D3-BF4B-00C04F79EFBC}") = "Infrastructure", "Infrastructure\Infrastructure.csproj", "{FD115647-478B-475A-BDCD-CAA9BD010EB2}"
EndProject
Global
	GlobalSection(SolutionConfigurationPlatforms) = preSolution
		Debug|Any CPU = Debug|Any CPU
		Release|Any CPU = Release|Any CPU
	EndGlobalSection
	GlobalSection(ProjectConfigurationPlatforms) = postSolution
		{FC3CE923-F492-4CC4-9632-AC703CC404DD}.Debug|Any CPU.ActiveCfg = Debug|Any CPU
		{FC3CE923-F492-4CC4-9632-AC703CC404DD}.Debug|Any CPU.Build.0 = Debug|Any CPU
		{FC3CE923-F492-4CC4-9632-AC703CC404DD}.Release|Any CPU.ActiveCfg = Release|Any CPU
		{FC3CE923-F492-4CC4-9632-AC703CC404DD}.Release|Any CPU.Build.0 = Release|Any CPU
		{DC537759-A72D-499D-B88E-A662EAFADFB4}.Debug|Any CPU.ActiveCfg = Debug|Any CPU
		{DC537759-A72D-499D-B88E-A662EAFADFB4}.Debug|Any CPU.Build.0 = Debug|Any CPU
		{DC537759-A72D-499D-B88E-A662EAFADFB4}.Release|Any CPU.ActiveCfg = Release|Any CPU
		{DC537759-A72D-499D-B88E-A662EAFADFB4}.Release|Any CPU.Build.0 = Release|Any CPU
		{20C4B346-E988-4EA9-8220-AA858816C7F4}.Debug|Any CPU.ActiveCfg = Debug|Any CPU
		{20C4B346-E988-4EA9-8220-AA858816C7F4}.Debug|Any CPU.Build.0 = Debug|Any CPU
		{20C4B346-E988-4EA9-8220-AA858816C7F4}.Release|Any CPU.ActiveCfg = Release|Any CPU
		{20C4B346-E988-4EA9-8220-AA858816C7F4}.Release|Any CPU.Build.0 = Release|Any CPU
		{FC1C650C-BC9C-4A47-AE0F-39A4693A6CCF}.Debug|Any CPU.ActiveCfg = Debug|Any CPU
		{FC1C650C-BC9C-4A47-AE0F-39A4693A6CCF}.Debug|Any CPU.Build.0 = Debug|Any CPU
		{FC1C650C-BC9C-4A47-AE0F-39A4693A6CCF}.Release|Any CPU.ActiveCfg = Release|Any CPU
		{FC1C650C-BC9C-4A47-AE0F-39A4693A6CCF}.Release|Any CPU.Build.0 = Release|Any CPU
		{FD115647-478B-475A-BDCD-CAA9BD010EB2}.Debug|Any CPU.ActiveCfg = Debug|Any CPU
		{FD115647-478B-475A-BDCD-CAA9BD010EB2}.Debug|Any CPU.Build.0 = Debug|Any CPU
		{FD115647-478B-475A-BDCD-CAA9BD010EB2}.Release|Any CPU.ActiveCfg = Release|Any CPU
		{FD115647-478B-475A-BDCD-CAA9BD010EB2}.Release|Any CPU.Build.0 = Release|Any CPU
	EndGlobalSection
	GlobalSection(SolutionProperties) = preSolution
		HideSolutionNode = FALSE
	EndGlobalSection
	GlobalSection(ExtensibilityGlobals) = postSolution
		SolutionGuid = {78BE784E-EB4D-4223-AB40-48A81C30C6F2}
	EndGlobalSection
EndGlobal
